
Microsoft Visual Studio Solution File, Format Version 12.00
# Visual Studio 2017
Project("{FAE04EC0-301F-11D3-BF4B-00C04F79EFBC}") = "escapeRoom", "escapeRoom.csproj", "{23E6A765-1649-F0D7-A0BF-6665A6E0514B}"
EndProject
Global
	GlobalSection(SolutionConfigurationPlatforms) = preSolution
		Debug|Any CPU = Debug|Any CPU
		Release|Any CPU = Release|Any CPU
	EndGlobalSection
	GlobalSection(ProjectConfigurationPlatforms) = postSolution
		{23E6A765-1649-F0D7-A0BF-6665A6E0514B}.Debug|Any CPU.ActiveCfg = Debug|Any CPU
		{23E6A765-1649-F0D7-A0BF-6665A6E0514B}.Debug|Any CPU.Build.0 = Debug|Any CPU
		{23E6A765-1649-F0D7-A0BF-6665A6E0514B}.Release|Any CPU.ActiveCfg = Release|Any CPU
		{23E6A765-1649-F0D7-A0BF-6665A6E0514B}.Release|Any CPU.Build.0 = Release|Any CPU
	EndGlobalSection
	GlobalSection(SolutionProperties) = preSolution
		HideSolutionNode = FALSE
	EndGlobalSection
EndGlobal
